{"is_source_file": false, "format": "", "description": "", "external_files": [], "external_methods": [], "published": [], "classes": [], "methods": [], "calls": [], "search-terms": [], "state": 2, "file_id": 15, "knowledge_revision": 30, "git_revision": "79068caed542e61451aff6f97490dd183f780ff6", "filename": "/home/kavia/workspace/code-generation/easycalc-19474-9ab992f8/easycalc_frontend/post_process_status.lock", "hash": "9c4ed7ef73e22b872b8055bec08b8979", "format-version": 4, "code-base-name": "default", "revision_history": [{"30": "79068caed542e61451aff6f97490dd183f780ff6"}]}